
Microsoft Visual Studio Solution File, Format Version 12.00
# Visual Studio 15
VisualStudioVersion = 15.0.26403.0
MinimumVisualStudioVersion = 10.0.40219.1
Project("{FAE04EC0-301F-11D3-BF4B-00C04F79EFBC}") = "EmotionApiTutorial.Android", "EmotionApiTutorial\EmotionApiTutorial.Android\EmotionApiTutorial.Android.csproj", "{1C18300B-3F3D-4994-AA2F-A7F379D25FF0}"
EndProject
Project("{FAE04EC0-301F-11D3-BF4B-00C04F79EFBC}") = "EmotionApiTutorial", "EmotionApiTutorial\EmotionApiTutorial\EmotionApiTutorial.csproj", "{49CDD9CB-1031-4B80-81BF-1E26A7C013ED}"
EndProject
Project("{FAE04EC0-301F-11D3-BF4B-00C04F79EFBC}") = "EmotionApiTutorial.iOS", "EmotionApiTutorial\EmotionApiTutorial.iOS\EmotionApiTutorial.iOS.csproj", "{EEC878C9-0F53-4924-88AF-8BFAE3829C3F}"
EndProject
Global
	GlobalSection(SolutionConfigurationPlatforms) = preSolution
		Ad-Hoc|Any CPU = Ad-Hoc|Any CPU
		Ad-Hoc|iPhone = Ad-Hoc|iPhone
		Ad-Hoc|iPhoneSimulator = Ad-Hoc|iPhoneSimulator
		AppStore|Any CPU = AppStore|Any CPU
		AppStore|iPhone = AppStore|iPhone
		AppStore|iPhoneSimulator = AppStore|iPhoneSimulator
		Debug|Any CPU = Debug|Any CPU
		Debug|iPhone = Debug|iPhone
		Debug|iPhoneSimulator = Debug|iPhoneSimulator
		Release|Any CPU = Release|Any CPU
		Release|iPhone = Release|iPhone
		Release|iPhoneSimulator = Release|iPhoneSimulator
	EndGlobalSection
	GlobalSection(ProjectConfigurationPlatforms) = postSolution
		{1C18300B-3F3D-4994-AA2F-A7F379D25FF0}.Ad-Hoc|Any CPU.ActiveCfg = Release|Any CPU
		{1C18300B-3F3D-4994-AA2F-A7F379D25FF0}.Ad-Hoc|Any CPU.Build.0 = Release|Any CPU
		{1C18300B-3F3D-4994-AA2F-A7F379D25FF0}.Ad-Hoc|Any CPU.Deploy.0 = Release|Any CPU
		{1C18300B-3F3D-4994-AA2F-A7F379D25FF0}.Ad-Hoc|iPhone.ActiveCfg = Release|Any CPU
		{1C18300B-3F3D-4994-AA2F-A7F379D25FF0}.Ad-Hoc|iPhone.Build.0 = Release|Any CPU
		{1C18300B-3F3D-4994-AA2F-A7F379D25FF0}.Ad-Hoc|iPhone.Deploy.0 = Release|Any CPU
		{1C18300B-3F3D-4994-AA2F-A7F379D25FF0}.Ad-Hoc|iPhoneSimulator.ActiveCfg = Release|Any CPU
		{1C18300B-3F3D-4994-AA2F-A7F379D25FF0}.Ad-Hoc|iPhoneSimulator.Build.0 = Release|Any CPU
		{1C18300B-3F3D-4994-AA2F-A7F379D25FF0}.Ad-Hoc|iPhoneSimulator.Deploy.0 = Release|Any CPU
		{1C18300B-3F3D-4994-AA2F-A7F379D25FF0}.AppStore|Any CPU.ActiveCfg = Release|Any CPU
		{1C18300B-3F3D-4994-AA2F-A7F379D25FF0}.AppStore|Any CPU.Build.0 = Release|Any CPU
		{1C18300B-3F3D-4994-AA2F-A7F379D25FF0}.AppStore|Any CPU.Deploy.0 = Release|Any CPU
		{1C18300B-3F3D-4994-AA2F-A7F379D25FF0}.AppStore|iPhone.ActiveCfg = Release|Any CPU
		{1C18300B-3F3D-4994-AA2F-A7F379D25FF0}.AppStore|iPhone.Build.0 = Release|Any CPU
		{1C18300B-3F3D-4994-AA2F-A7F379D25FF0}.AppStore|iPhone.Deploy.0 = Release|Any CPU
		{1C18300B-3F3D-4994-AA2F-A7F379D25FF0}.AppStore|iPhoneSimulator.ActiveCfg = Release|Any CPU
		{1C18300B-3F3D-4994-AA2F-A7F379D25FF0}.AppStore|iPhoneSimulator.Build.0 = Release|Any CPU
		{1C18300B-3F3D-4994-AA2F-A7F379D25FF0}.AppStore|iPhoneSimulator.Deploy.0 = Release|Any CPU
		{1C18300B-3F3D-4994-AA2F-A7F379D25FF0}.Debug|Any CPU.ActiveCfg = Debug|Any CPU
		{1C18300B-3F3D-4994-AA2F-A7F379D25FF0}.Debug|Any CPU.Build.0 = Debug|Any CPU
		{1C18300B-3F3D-4994-AA2F-A7F379D25FF0}.Debug|Any CPU.Deploy.0 = Debug|Any CPU
		{1C18300B-3F3D-4994-AA2F-A7F379D25FF0}.Debug|iPhone.ActiveCfg = Debug|Any CPU
		{1C18300B-3F3D-4994-AA2F-A7F379D25FF0}.Debug|iPhone.Build.0 = Debug|Any CPU
		{1C18300B-3F3D-4994-AA2F-A7F379D25FF0}.Debug|iPhone.Deploy.0 = Debug|Any CPU
		{1C18300B-3F3D-4994-AA2F-A7F379D25FF0}.Debug|iPhoneSimulator.ActiveCfg = Debug|Any CPU
		{1C18300B-3F3D-4994-AA2F-A7F379D25FF0}.Debug|iPhoneSimulator.Build.0 = Debug|Any CPU
		{1C18300B-3F3D-4994-AA2F-A7F379D25FF0}.Debug|iPhoneSimulator.Deploy.0 = Debug|Any CPU
		{1C18300B-3F3D-4994-AA2F-A7F379D25FF0}.Release|Any CPU.ActiveCfg = Release|Any CPU
		{1C18300B-3F3D-4994-AA2F-A7F379D25FF0}.Release|Any CPU.Build.0 = Release|Any CPU
		{1C18300B-3F3D-4994-AA2F-A7F379D25FF0}.Release|Any CPU.Deploy.0 = Release|Any CPU
		{1C18300B-3F3D-4994-AA2F-A7F379D25FF0}.Release|iPhone.ActiveCfg = Release|Any CPU
		{1C18300B-3F3D-4994-AA2F-A7F379D25FF0}.Release|iPhone.Build.0 = Release|Any CPU
		{1C18300B-3F3D-4994-AA2F-A7F379D25FF0}.Release|iPhone.Deploy.0 = Release|Any CPU
		{1C18300B-3F3D-4994-AA2F-A7F379D25FF0}.Release|iPhoneSimulator.ActiveCfg = Release|Any CPU
		{1C18300B-3F3D-4994-AA2F-A7F379D25FF0}.Release|iPhoneSimulator.Build.0 = Release|Any CPU
		{1C18300B-3F3D-4994-AA2F-A7F379D25FF0}.Release|iPhoneSimulator.Deploy.0 = Release|Any CPU
		{49CDD9CB-1031-4B80-81BF-1E26A7C013ED}.Ad-Hoc|Any CPU.ActiveCfg = Release|Any CPU
		{49CDD9CB-1031-4B80-81BF-1E26A7C013ED}.Ad-Hoc|Any CPU.Build.0 = Release|Any CPU
		{49CDD9CB-1031-4B80-81BF-1E26A7C013ED}.Ad-Hoc|iPhone.ActiveCfg = Release|Any CPU
		{49CDD9CB-1031-4B80-81BF-1E26A7C013ED}.Ad-Hoc|iPhone.Build.0 = Release|Any CPU
		{49CDD9CB-1031-4B80-81BF-1E26A7C013ED}.Ad-Hoc|iPhoneSimulator.ActiveCfg = Release|Any CPU
		{49CDD9CB-1031-4B80-81BF-1E26A7C013ED}.Ad-Hoc|iPhoneSimulator.Build.0 = Release|Any CPU
		{49CDD9CB-1031-4B80-81BF-1E26A7C013ED}.AppStore|Any CPU.ActiveCfg = Release|Any CPU
		{49CDD9CB-1031-4B80-81BF-1E26A7C013ED}.AppStore|Any CPU.Build.0 = Release|Any CPU
		{49CDD9CB-1031-4B80-81BF-1E26A7C013ED}.AppStore|iPhone.ActiveCfg = Release|Any CPU
		{49CDD9CB-1031-4B80-81BF-1E26A7C013ED}.AppStore|iPhone.Build.0 = Release|Any CPU
		{49CDD9CB-1031-4B80-81BF-1E26A7C013ED}.AppStore|iPhoneSimulator.ActiveCfg = Release|Any CPU
		{49CDD9CB-1031-4B80-81BF-1E26A7C013ED}.AppStore|iPhoneSimulator.Build.0 = Release|Any CPU
		{49CDD9CB-1031-4B80-81BF-1E26A7C013ED}.Debug|Any CPU.ActiveCfg = Debug|Any CPU
		{49CDD9CB-1031-4B80-81BF-1E26A7C013ED}.Debug|Any CPU.Build.0 = Debug|Any CPU
		{49CDD9CB-1031-4B80-81BF-1E26A7C013ED}.Debug|iPhone.ActiveCfg = Debug|Any CPU
		{49CDD9CB-1031-4B80-81BF-1E26A7C013ED}.Debug|iPhone.Build.0 = Debug|Any CPU
		{49CDD9CB-1031-4B80-81BF-1E26A7C013ED}.Debug|iPhoneSimulator.ActiveCfg = Debug|Any CPU
		{49CDD9CB-1031-4B80-81BF-1E26A7C013ED}.Debug|iPhoneSimulator.Build.0 = Debug|Any CPU
		{49CDD9CB-1031-4B80-81BF-1E26A7C013ED}.Release|Any CPU.ActiveCfg = Release|Any CPU
		{49CDD9CB-1031-4B80-81BF-1E26A7C013ED}.Release|Any CPU.Build.0 = Release|Any CPU
		{49CDD9CB-1031-4B80-81BF-1E26A7C013ED}.Release|iPhone.ActiveCfg = Release|Any CPU
		{49CDD9CB-1031-4B80-81BF-1E26A7C013ED}.Release|iPhone.Build.0 = Release|Any CPU
		{49CDD9CB-1031-4B80-81BF-1E26A7C013ED}.Release|iPhoneSimulator.ActiveCfg = Release|Any CPU
		{49CDD9CB-1031-4B80-81BF-1E26A7C013ED}.Release|iPhoneSimulator.Build.0 = Release|Any CPU
		{EEC878C9-0F53-4924-88AF-8BFAE3829C3F}.Ad-Hoc|Any CPU.ActiveCfg = Ad-Hoc|iPhone
		{EEC878C9-0F53-4924-88AF-8BFAE3829C3F}.Ad-Hoc|iPhone.ActiveCfg = Ad-Hoc|iPhone
		{EEC878C9-0F53-4924-88AF-8BFAE3829C3F}.Ad-Hoc|iPhone.Build.0 = Ad-Hoc|iPhone
		{EEC878C9-0F53-4924-88AF-8BFAE3829C3F}.Ad-Hoc|iPhoneSimulator.ActiveCfg = Ad-Hoc|iPhoneSimulator
		{EEC878C9-0F53-4924-88AF-8BFAE3829C3F}.Ad-Hoc|iPhoneSimulator.Build.0 = Ad-Hoc|iPhoneSimulator
		{EEC878C9-0F53-4924-88AF-8BFAE3829C3F}.AppStore|Any CPU.ActiveCfg = AppStore|iPhone
		{EEC878C9-0F53-4924-88AF-8BFAE3829C3F}.AppStore|iPhone.ActiveCfg = AppStore|iPhone
		{EEC878C9-0F53-4924-88AF-8BFAE3829C3F}.AppStore|iPhone.Build.0 = AppStore|iPhone
		{EEC878C9-0F53-4924-88AF-8BFAE3829C3F}.AppStore|iPhoneSimulator.ActiveCfg = AppStore|iPhoneSimulator
		{EEC878C9-0F53-4924-88AF-8BFAE3829C3F}.AppStore|iPhoneSimulator.Build.0 = AppStore|iPhoneSimulator
		{EEC878C9-0F53-4924-88AF-8BFAE3829C3F}.Debug|Any CPU.ActiveCfg = Debug|iPhone
		{EEC878C9-0F53-4924-88AF-8BFAE3829C3F}.Debug|iPhone.ActiveCfg = Debug|iPhone
		{EEC878C9-0F53-4924-88AF-8BFAE3829C3F}.Debug|iPhone.Build.0 = Debug|iPhone
		{EEC878C9-0F53-4924-88AF-8BFAE3829C3F}.Debug|iPhoneSimulator.ActiveCfg = Debug|iPhoneSimulator
		{EEC878C9-0F53-4924-88AF-8BFAE3829C3F}.Debug|iPhoneSimulator.Build.0 = Debug|iPhoneSimulator
		{EEC878C9-0F53-4924-88AF-8BFAE3829C3F}.Release|Any CPU.ActiveCfg = Release|iPhone
		{EEC878C9-0F53-4924-88AF-8BFAE3829C3F}.Release|iPhone.ActiveCfg = Release|iPhone
		{EEC878C9-0F53-4924-88AF-8BFAE3829C3F}.Release|iPhone.Build.0 = Release|iPhone
		{EEC878C9-0F53-4924-88AF-8BFAE3829C3F}.Release|iPhoneSimulator.ActiveCfg = Release|iPhoneSimulator
		{EEC878C9-0F53-4924-88AF-8BFAE3829C3F}.Release|iPhoneSimulator.Build.0 = Release|iPhoneSimulator
	EndGlobalSection
	GlobalSection(SolutionProperties) = preSolution
		HideSolutionNode = FALSE
	EndGlobalSection
EndGlobal
